{
  "name": "@brybrant/sass-okhsv-okhsl",
  "version": "1.0.0",
  "lockfileVersion": 3,
  "requires": true,
  "packages": {
    "": {
      "name": "@brybrant/sass-okhsv-okhsl",
      "version": "1.0.0",
      "license": "MIT",
      "peerDependencies": {
        "sass": ">1.32.0"
      },
      "peerDependenciesMeta": {
        "sass": {
          "optional": true
        }
      }
    }
  }
}
